Microsoft Visual Studio Solution File, Format Version 12.00
# Visual Studio Version 17
VisualStudioVersion = 17.13.35913.81
MinimumVisualStudioVersion = 10.0.40219.1
Project("{FAE04EC0-301F-11D3-BF4B-00C04F79EFBC}") = "EnrolmentSystem", "EnrolmentSystem\EnrolmentSystem.csproj", "{45C709FF-B478-49D9-B6B1-A9D781455801}"
EndProject
Global
	GlobalSection(SolutionConfigurationPlatforms) = preSolution
		Debug|Any CPU = Debug|Any CPU
		Release|Any CPU = Release|Any CPU
	EndGlobalSection
	GlobalSection(ProjectConfigurationPlatforms) = postSolution
		{45C709FF-B478-49D9-B6B1-A9D781455801}.Debug|Any CPU.ActiveCfg = Debug|Any CPU
		{45C709FF-B478-49D9-B6B1-A9D781455801}.Debug|Any CPU.Build.0 = Debug|Any CPU
		{45C709FF-B478-49D9-B6B1-A9D781455801}.Release|Any CPU.ActiveCfg = Release|Any CPU
		{45C709FF-B478-49D9-B6B1-A9D781455801}.Release|Any CPU.Build.0 = Release|Any CPU
	EndGlobalSection
	GlobalSection(SolutionProperties) = preSolution
		HideSolutionNode = FALSE
	EndGlobalSection
	GlobalSection(ExtensibilityGlobals) = postSolution
		SolutionGuid = {997285D8-9588-47C4-A0FB-2EA49DB0BDAE}
	EndGlobalSection
EndGlobal
